
Microsoft Visual Studio Solution File, Format Version 12.00
# Visual Studio Version 16
VisualStudioVersion = 16.0.31321.278
MinimumVisualStudioVersion = 10.0.40219.1
Project("{FAE04EC0-301F-11D3-BF4B-00C04F79EFBC}") = "MVCApp11", "MVCApp11\MVCApp11.csproj", "{4CCFEC58-23ED-40DD-A524-B267B9EC3950}"
EndProject
Global
	GlobalSection(SolutionConfigurationPlatforms) = preSolution
		Debug|Any CPU = Debug|Any CPU
		Release|Any CPU = Release|Any CPU
	EndGlobalSection
	GlobalSection(ProjectConfigurationPlatforms) = postSolution
		{4CCFEC58-23ED-40DD-A524-B267B9EC3950}.Debug|Any CPU.ActiveCfg = Debug|Any CPU
		{4CCFEC58-23ED-40DD-A524-B267B9EC3950}.Debug|Any CPU.Build.0 = Debug|Any CPU
		{4CCFEC58-23ED-40DD-A524-B267B9EC3950}.Release|Any CPU.ActiveCfg = Release|Any CPU
		{4CCFEC58-23ED-40DD-A524-B267B9EC3950}.Release|Any CPU.Build.0 = Release|Any CPU
	EndGlobalSection
	GlobalSection(SolutionProperties) = preSolution
		HideSolutionNode = FALSE
	EndGlobalSection
	GlobalSection(ExtensibilityGlobals) = postSolution
		SolutionGuid = {C2CE4C82-175B-4A65-940D-17E2275FDE48}
	EndGlobalSection
EndGlobal
